
Microsoft Visual Studio Solution File, Format Version 12.00
# Visual Studio Version 17
VisualStudioVersion = 17.8.34316.72
MinimumVisualStudioVersion = 10.0.40219.1
Project("{9A19103F-16F7-4668-BE54-9A1E7A4F7556}") = "TeraIO", "TeraIO.csproj", "{34DE7DD8-F748-4DA8-BCAE-97EFE196FFAF}"
EndProject
Project("{9A19103F-16F7-4668-BE54-9A1E7A4F7556}") = "TeraIO.Test", "TeraIO.Test\TeraIO.Test.csproj", "{B02199A1-E3F5-4990-A15C-070399CD8698}"
EndProject
Global
	GlobalSection(SolutionConfigurationPlatforms) = preSolution
		Debug|Any CPU = Debug|Any CPU
		Release|Any CPU = Release|Any CPU
	EndGlobalSection
	GlobalSection(ProjectConfigurationPlatforms) = postSolution
		{34DE7DD8-F748-4DA8-BCAE-97EFE196FFAF}.Debug|Any CPU.ActiveCfg = Debug|Any CPU
		{34DE7DD8-F748-4DA8-BCAE-97EFE196FFAF}.Debug|Any CPU.Build.0 = Debug|Any CPU
		{34DE7DD8-F748-4DA8-BCAE-97EFE196FFAF}.Release|Any CPU.ActiveCfg = Release|Any CPU
		{34DE7DD8-F748-4DA8-BCAE-97EFE196FFAF}.Release|Any CPU.Build.0 = Release|Any CPU
		{B02199A1-E3F5-4990-A15C-070399CD8698}.Debug|Any CPU.ActiveCfg = Debug|Any CPU
		{B02199A1-E3F5-4990-A15C-070399CD8698}.Debug|Any CPU.Build.0 = Debug|Any CPU
		{B02199A1-E3F5-4990-A15C-070399CD8698}.Release|Any CPU.ActiveCfg = Release|Any CPU
		{B02199A1-E3F5-4990-A15C-070399CD8698}.Release|Any CPU.Build.0 = Release|Any CPU
	EndGlobalSection
	GlobalSection(SolutionProperties) = preSolution
		HideSolutionNode = FALSE
	EndGlobalSection
	GlobalSection(ExtensibilityGlobals) = postSolution
		SolutionGuid = {E58B4FD7-7315-4B58-8479-C4780D114979}
	EndGlobalSection
EndGlobal
